
Microsoft Visual Studio Solution File, Format Version 12.00
# Visual Studio Version 17
VisualStudioVersion = 17.0.32112.339
MinimumVisualStudioVersion = 10.0.40219.1
Project("{FAE04EC0-301F-11D3-BF4B-00C04F79EFBC}") = "Updatingto14", "Updatingto14\Updatingto14.csproj", "{136F6E39-03B5-4704-A3D3-2C39F02E5FF2}"
EndProject
Global
	GlobalSection(SolutionConfigurationPlatforms) = preSolution
		Debug|Any CPU = Debug|Any CPU
		Release|Any CPU = Release|Any CPU
	EndGlobalSection
	GlobalSection(ProjectConfigurationPlatforms) = postSolution
		{136F6E39-03B5-4704-A3D3-2C39F02E5FF2}.Debug|Any CPU.ActiveCfg = Debug|Any CPU
		{136F6E39-03B5-4704-A3D3-2C39F02E5FF2}.Debug|Any CPU.Build.0 = Debug|Any CPU
		{136F6E39-03B5-4704-A3D3-2C39F02E5FF2}.Release|Any CPU.ActiveCfg = Release|Any CPU
		{136F6E39-03B5-4704-A3D3-2C39F02E5FF2}.Release|Any CPU.Build.0 = Release|Any CPU
	EndGlobalSection
	GlobalSection(SolutionProperties) = preSolution
		HideSolutionNode = FALSE
	EndGlobalSection
	GlobalSection(ExtensibilityGlobals) = postSolution
		SolutionGuid = {829A391A-ED12-4239-B0AD-96C6699D07DD}
	EndGlobalSection
EndGlobal
